{
  "version": 4,
  "terraform_version": "1.10.5",
  "serial": 234,
  "lineage": "eac26120-9615-816c-6c82-e9241dd26317",
  "outputs": {
    "alb_url": {
      "value": "http://strapi-alb-dev-1627843865.us-east-1.elb.amazonaws.com",
      "type": "string"
    },
    "cluster_name": {
      "value": "strapi-cluster-dev",
      "type": "string"
    },
    "ecr_repository_url": {
      "value": "607700977843.dkr.ecr.us-east-1.amazonaws.com/strapi-app-dev",
      "type": "string"
    },
    "target_group_arn": {
      "value": "arn:aws:elasticloadbalancing:us-east-1:607700977843:targetgroup/strapi-tg-dev/16722f367a98935c",
      "type": "string"
    }
  },
  "resources": [
    {
      "mode": "data",
      "type": "aws_subnets",
      "name": "default",
      "provider": "provider[\"registry.terraform.io/hashicorp/aws\"]",
      "instances": [
        {
          "schema_version": 0,
          "attributes": {
            "filter": [
              {
                "name": "vpc-id",
                "values": [
                  "vpc-01d5434ea1682778a"
                ]
              }
            ],
            "id": "us-east-1",
            "ids": [
              "subnet-07a4905e2c6c810a2",
              "subnet-0293611cdd57a119e",
              "subnet-08e1fcd11b3a0f9d4",
              "subnet-06d87f798b482aac6",
              "subnet-0b50a2aadde950bd3",
              "subnet-0fb4d3c093b55d1bd"
            ],
            "region": "us-east-1",
            "tags": null,
            "timeouts": null
          },
          "sensitive_attributes": []
        }
      ]
    },
    {
      "mode": "data",
      "type": "aws_vpc",
      "name": "default",
      "provider": "provider[\"registry.terraform.io/hashicorp/aws\"]",
      "instances": [
        {
          "schema_version": 0,
          "attributes": {
            "arn": "arn:aws:ec2:us-east-1:607700977843:vpc/vpc-01d5434ea1682778a",
            "cidr_block": "172.31.0.0/16",
            "cidr_block_associations": [
              {
                "association_id": "vpc-cidr-assoc-00b2824b196664bb6",
                "cidr_block": "172.31.0.0/16",
                "state": "associated"
              }
            ],
            "default": true,
            "dhcp_options_id": "dopt-070ce87ef010819d0",
            "enable_dns_hostnames": true,
            "enable_dns_support": true,
            "enable_network_address_usage_metrics": false,
            "filter": null,
            "id": "vpc-01d5434ea1682778a",
            "instance_tenancy": "default",
            "ipv6_association_id": "",
            "ipv6_cidr_block": "",
            "main_route_table_id": "rtb-0d8adc5e0ca4f9ec4",
            "owner_id": "607700977843",
            "region": "us-east-1",
            "state": null,
            "tags": {},
            "timeouts": null
          },
          "sensitive_attributes": []
        }
      ]
    },
    {
      "mode": "managed",
      "type": "aws_cloudwatch_log_group",
      "name": "strapi",
      "provider": "provider[\"registry.terraform.io/hashicorp/aws\"]",
      "instances": [
        {
          "schema_version": 0,
          "attributes": {
            "arn": "arn:aws:logs:us-east-1:607700977843:log-group:/ecs/strapi-dev",
            "id": "/ecs/strapi-dev",
            "kms_key_id": "",
            "log_group_class": "STANDARD",
            "name": "/ecs/strapi-dev",
            "name_prefix": "",
            "region": "us-east-1",
            "retention_in_days": 7,
            "skip_destroy": false,
            "tags": null,
            "tags_all": {}
          },
          "sensitive_attributes": [],
          "private": "bnVsbA=="
        }
      ]
    },
    {
      "mode": "managed",
      "type": "aws_ecr_repository",
      "name": "strapi",
      "provider": "provider[\"registry.terraform.io/hashicorp/aws\"]",
      "instances": [
        {
          "schema_version": 0,
          "attributes": {
            "arn": "arn:aws:ecr:us-east-1:607700977843:repository/strapi-app-dev",
            "encryption_configuration": [
              {
                "encryption_type": "AES256",
                "kms_key": ""
              }
            ],
            "force_delete": true,
            "id": "strapi-app-dev",
            "image_scanning_configuration": [
              {
                "scan_on_push": false
              }
            ],
            "image_tag_mutability": "MUTABLE",
            "name": "strapi-app-dev",
            "region": "us-east-1",
            "registry_id": "607700977843",
            "repository_url": "607700977843.dkr.ecr.us-east-1.amazonaws.com/strapi-app-dev",
            "tags": null,
            "tags_all": {},
            "timeouts": null
          },
          "sensitive_attributes": [],
          "private": "eyJlMmJmYjczMC1lY2FhLTExZTYtOGY4OC0zNDM2M2JjN2M0YzAiOnsiZGVsZXRlIjoxMjAwMDAwMDAwMDAwfX0="
        }
      ]
    },
    {
      "mode": "managed",
      "type": "aws_ecs_cluster",
      "name": "main",
      "provider": "provider[\"registry.terraform.io/hashicorp/aws\"]",
      "instances": [
        {
          "schema_version": 0,
          "attributes": {
            "arn": "arn:aws:ecs:us-east-1:607700977843:cluster/strapi-cluster-dev",
            "configuration": [],
            "id": "arn:aws:ecs:us-east-1:607700977843:cluster/strapi-cluster-dev",
            "name": "strapi-cluster-dev",
            "region": "us-east-1",
            "service_connect_defaults": [],
            "setting": [
              {
                "name": "containerInsights",
                "value": "enabled"
              }
            ],
            "tags": null,
            "tags_all": {}
          },
          "sensitive_attributes": [],
          "private": "bnVsbA=="
        }
      ]
    },
    {
      "mode": "managed",
      "type": "aws_ecs_service",
      "name": "strapi",
      "provider": "provider[\"registry.terraform.io/hashicorp/aws\"]",
      "instances": [
        {
          "schema_version": 1,
          "attributes": {
            "alarms": [],
            "arn": "arn:aws:ecs:us-east-1:607700977843:service/strapi-cluster-dev/strapi-service-dev",
            "availability_zone_rebalancing": "DISABLED",
            "capacity_provider_strategy": [],
            "cluster": "arn:aws:ecs:us-east-1:607700977843:cluster/strapi-cluster-dev",
            "deployment_circuit_breaker": [
              {
                "enable": false,
                "rollback": false
              }
            ],
            "deployment_configuration": [],
            "deployment_controller": [
              {
                "type": "ECS"
              }
            ],
            "deployment_maximum_percent": 200,
            "deployment_minimum_healthy_percent": 100,
            "desired_count": 1,
            "enable_ecs_managed_tags": false,
            "enable_execute_command": false,
            "force_delete": null,
            "force_new_deployment": null,
            "health_check_grace_period_seconds": 300,
            "iam_role": "/aws-service-role/ecs.amazonaws.com/AWSServiceRoleForECS",
            "id": "arn:aws:ecs:us-east-1:607700977843:service/strapi-cluster-dev/strapi-service-dev",
            "launch_type": "FARGATE",
            "load_balancer": [
              {
                "advanced_configuration": [],
                "container_name": "strapi",
                "container_port": 1337,
                "elb_name": "",
                "target_group_arn": "arn:aws:elasticloadbalancing:us-east-1:607700977843:targetgroup/strapi-tg-dev/16722f367a98935c"
              }
            ],
            "name": "strapi-service-dev",
            "network_configuration": [
              {
                "assign_public_ip": true,
                "security_groups": [
                  "sg-0dcf861cc41a18146"
                ],
                "subnets": [
                  "subnet-0293611cdd57a119e",
                  "subnet-06d87f798b482aac6",
                  "subnet-07a4905e2c6c810a2",
                  "subnet-08e1fcd11b3a0f9d4",
                  "subnet-0b50a2aadde950bd3",
                  "subnet-0fb4d3c093b55d1bd"
                ]
              }
            ],
            "ordered_placement_strategy": [],
            "placement_constraints": [],
            "platform_version": "LATEST",
            "propagate_tags": "NONE",
            "region": "us-east-1",
            "scheduling_strategy": "REPLICA",
            "service_connect_configuration": [],
            "service_registries": [],
            "tags": null,
            "tags_all": {},
            "task_definition": "arn:aws:ecs:us-east-1:607700977843:task-definition/strapi-task-dev:16",
            "timeouts": null,
            "triggers": {},
            "volume_configuration": [],
            "vpc_lattice_configurations": [],
            "wait_for_steady_state": false
          },
          "sensitive_attributes": [],
          "private": "eyJlMmJmYjczMC1lY2FhLTExZTYtOGY4OC0zNDM2M2JjN2M0YzAiOnsiY3JlYXRlIjoxMjAwMDAwMDAwMDAwLCJkZWxldGUiOjEyMDAwMDAwMDAwMDAsInVwZGF0ZSI6MTIwMDAwMDAwMDAwMH0sInNjaGVtYV92ZXJzaW9uIjoiMSJ9",
          "dependencies": [
            "aws_cloudwatch_log_group.strapi",
            "aws_ecs_cluster.main",
            "aws_ecs_task_definition.strapi",
            "aws_iam_role.ecs_task",
            "aws_iam_role.ecs_task_execution",
            "aws_lb.strapi",
            "aws_lb_listener.front_end",
            "aws_lb_target_group.strapi",
            "aws_security_group.alb",
            "aws_security_group.ecs",
            "data.aws_subnets.default",
            "data.aws_vpc.default"
          ]
        }
      ]
    },
    {
      "mode": "managed",
      "type": "aws_ecs_task_definition",
      "name": "strapi",
      "provider": "provider[\"registry.terraform.io/hashicorp/aws\"]",
      "instances": [
        {
          "schema_version": 1,
          "attributes": {
            "arn": "arn:aws:ecs:us-east-1:607700977843:task-definition/strapi-task-dev:16",
            "arn_without_revision": "arn:aws:ecs:us-east-1:607700977843:task-definition/strapi-task-dev",
            "container_definitions": "[{\"command\":[\"sh\",\"-c\",\"cat \u003e server.js \u003c\u003c 'EOF'\\nconst http = require('http');\\nconst url = require('url');\\n\\nconst server = http.createServer((req, res) =\u003e {\\n  const parsedUrl = url.parse(req.url, true);\\n  res.setHeader('Content-Type', 'text/html; charset=utf-8');\\n  res.setHeader('Cache-Control', 'no-cache');\\n  res.setHeader('X-Powered-By', 'Strapi CMS on AWS ECS');\\n  \\n  if (parsedUrl.pathname === '/admin') {\\n    res.writeHead(200);\\n    res.end(getEnhancedAdminPage());\\n  } else if (parsedUrl.pathname === '/api' || parsedUrl.pathname.startsWith('/api/')) {\\n    res.setHeader('Content-Type', 'application/json');\\n    res.writeHead(200);\\n    res.end(JSON.stringify({message: 'Strapi API', version: '4.x', status: 'running', endpoints: ['/api/users', '/api/auth', '/api/content-types'], documentation: '/documentation'}, null, 2));\\n  } else if (parsedUrl.pathname === '/health') {\\n    res.setHeader('Content-Type', 'application/json');\\n    res.writeHead(200);\\n    res.end(JSON.stringify({ status: 'healthy', timestamp: new Date().toISOString() }));\\n  } else {\\n    res.writeHead(200);\\n    res.end(getHomePage());\\n  }\\n});\\n\\nfunction formatUptime(seconds) {\\n  const hours = Math.floor(seconds / 3600);\\n  const minutes = Math.floor((seconds % 3600) / 60);\\n  const secs = Math.floor(seconds % 60);\\n  return hours + 'h ' + minutes + 'm ' + secs + 's';\\n}\\n\\nfunction getEnhancedAdminPage() {\\n  const uptime = process.uptime();\\n  const uptimeFormatted = formatUptime(uptime);\\n  const memoryUsage = process.memoryUsage();\\n  const memoryMB = Math.round(memoryUsage.rss / 1024 / 1024);\\n  \\n  return '\u003c!DOCTYPE html\u003e\u003chtml\u003e\u003chead\u003e\u003cmeta charset=\\\"UTF-8\\\"\u003e\u003cmeta name=\\\"viewport\\\" content=\\\"width=device-width, initial-scale=1.0\\\"\u003e\u003ctitle\u003eStrapi Admin Dashboard\u003c/title\u003e\u003cstyle\u003e*{box-sizing:border-box}body{font-family:Arial,sans-serif;margin:0;padding:0;background:#f6f6f9;color:#32324d}.header{background:linear-gradient(135deg,#4945ff,#7b69ff);color:white;padding:20px;text-align:center}.header h1{margin:0;font-size:2.5em}.container{max-width:1200px;margin:0 auto;padding:30px 20px}.dashboard-grid{display:grid;grid-template-columns:repeat(auto-fit,minmax(300px,1fr));gap:25px;margin-bottom:30px}.widget{background:white;padding:25px;border-radius:12px;box-shadow:0 4px 6px rgba(0,0,0,0.1);border-left:5px solid #4945ff}.widget h3{margin:0 0 15px 0;color:#4945ff;font-size:1.3em}.metric{display:flex;justify-content:space-between;align-items:center;padding:12px 0;border-bottom:1px solid #eee}.metric:last-child{border-bottom:none}.metric-value{font-weight:bold;color:#4945ff}.progress-bar{width:100%;height:8px;background:#e9ecef;border-radius:4px;overflow:hidden;margin:10px 0}.progress-fill{height:100%;background:linear-gradient(90deg,#4945ff,#7b69ff);border-radius:4px}.action-buttons{display:grid;grid-template-columns:repeat(auto-fit,minmax(200px,1fr));gap:15px;margin:30px 0}.action-btn{background:#4945ff;color:white;padding:15px 25px;text-decoration:none;border-radius:8px;text-align:center;font-weight:bold}.nav-tabs{display:flex;background:white;border-radius:8px;padding:5px;margin:20px 0}.nav-tab{flex:1;padding:12px 20px;text-align:center;background:transparent;border:none;border-radius:6px;cursor:pointer;font-weight:bold}.nav-tab.active{background:#4945ff;color:white}.tab-content{display:none}.tab-content.active{display:block}\u003c/style\u003e\u003c/head\u003e\u003cbody\u003e\u003cdiv class=\\\"header\\\"\u003e\u003ch1\u003e🚀 Strapi Admin Dashboard\u003c/h1\u003e\u003cp\u003eProduction Environment - AWS ECS Fargate\u003c/p\u003e\u003c/div\u003e\u003cdiv class=\\\"container\\\"\u003e\u003cdiv class=\\\"nav-tabs\\\"\u003e\u003cbutton class=\\\"nav-tab active\\\" onclick=\\\"showTab(event,\\\\'overview\\\\')\\\"\u003eOverview\u003c/button\u003e\u003cbutton class=\\\"nav-tab\\\" onclick=\\\"showTab(event,\\\\'system\\\\')\\\"\u003eSystem\u003c/button\u003e\u003cbutton class=\\\"nav-tab\\\" onclick=\\\"showTab(event,\\\\'logs\\\\')\\\"\u003eLogs\u003c/button\u003e\u003c/div\u003e\u003cdiv id=\\\"overview\\\" class=\\\"tab-content active\\\"\u003e\u003cdiv class=\\\"dashboard-grid\\\"\u003e\u003cdiv class=\\\"widget\\\"\u003e\u003ch3\u003e🟢 Server Status\u003c/h3\u003e\u003cdiv class=\\\"metric\\\"\u003e\u003cspan\u003eStatus\u003c/span\u003e\u003cspan class=\\\"metric-value\\\"\u003e✅ Running\u003c/span\u003e\u003c/div\u003e\u003cdiv class=\\\"metric\\\"\u003e\u003cspan\u003eUptime\u003c/span\u003e\u003cspan class=\\\"metric-value\\\"\u003e' + uptimeFormatted + '\u003c/span\u003e\u003c/div\u003e\u003cdiv class=\\\"metric\\\"\u003e\u003cspan\u003eEnvironment\u003c/span\u003e\u003cspan class=\\\"metric-value\\\"\u003eProduction\u003c/span\u003e\u003c/div\u003e\u003cdiv class=\\\"metric\\\"\u003e\u003cspan\u003ePlatform\u003c/span\u003e\u003cspan class=\\\"metric-value\\\"\u003eAWS ECS Fargate\u003c/span\u003e\u003c/div\u003e\u003c/div\u003e\u003cdiv class=\\\"widget\\\"\u003e\u003ch3\u003e📊 Performance Metrics\u003c/h3\u003e\u003cdiv class=\\\"metric\\\"\u003e\u003cspan\u003eMemory Usage\u003c/span\u003e\u003cspan class=\\\"metric-value\\\"\u003e' + memoryMB + ' MB\u003c/span\u003e\u003c/div\u003e\u003cdiv class=\\\"progress-bar\\\"\u003e\u003cdiv class=\\\"progress-fill\\\" style=\\\"width:' + Math.min((memoryMB / 512) * 100, 100) + '%\\\"\u003e\u003c/div\u003e\u003c/div\u003e\u003cdiv class=\\\"metric\\\"\u003e\u003cspan\u003eCPU Usage\u003c/span\u003e\u003cspan class=\\\"metric-value\\\"\u003e~15%\u003c/span\u003e\u003c/div\u003e\u003cdiv class=\\\"progress-bar\\\"\u003e\u003cdiv class=\\\"progress-fill\\\" style=\\\"width:15%\\\"\u003e\u003c/div\u003e\u003c/div\u003e\u003c/div\u003e\u003cdiv class=\\\"widget\\\"\u003e\u003ch3\u003e🌐 API Information\u003c/h3\u003e\u003cdiv class=\\\"metric\\\"\u003e\u003cspan\u003eBase URL\u003c/span\u003e\u003cspan class=\\\"metric-value\\\"\u003ePort 1337\u003c/span\u003e\u003c/div\u003e\u003cdiv class=\\\"metric\\\"\u003e\u003cspan\u003eEndpoints\u003c/span\u003e\u003cspan class=\\\"metric-value\\\"\u003e4 Active\u003c/span\u003e\u003c/div\u003e\u003cdiv class=\\\"metric\\\"\u003e\u003cspan\u003eDatabase\u003c/span\u003e\u003cspan class=\\\"metric-value\\\"\u003eSQLite\u003c/span\u003e\u003c/div\u003e\u003c/div\u003e\u003cdiv class=\\\"widget\\\"\u003e\u003ch3\u003e🔧 Infrastructure\u003c/h3\u003e\u003cdiv class=\\\"metric\\\"\u003e\u003cspan\u003eContainer\u003c/span\u003e\u003cspan class=\\\"metric-value\\\"\u003eNode.js ' + process.version + '\u003c/span\u003e\u003c/div\u003e\u003cdiv class=\\\"metric\\\"\u003e\u003cspan\u003eLoad Balancer\u003c/span\u003e\u003cspan class=\\\"metric-value\\\"\u003eALB\u003c/span\u003e\u003c/div\u003e\u003cdiv class=\\\"metric\\\"\u003e\u003cspan\u003eMonitoring\u003c/span\u003e\u003cspan class=\\\"metric-value\\\"\u003eCloudWatch\u003c/span\u003e\u003c/div\u003e\u003c/div\u003e\u003c/div\u003e\u003c/div\u003e\u003cdiv id=\\\"system\\\" class=\\\"tab-content\\\"\u003e\u003cdiv class=\\\"widget\\\"\u003e\u003ch3\u003e💻 System Information\u003c/h3\u003e\u003cdiv class=\\\"metric\\\"\u003e\u003cspan\u003eNode.js Version\u003c/span\u003e\u003cspan class=\\\"metric-value\\\"\u003e' + process.version + '\u003c/span\u003e\u003c/div\u003e\u003cdiv class=\\\"metric\\\"\u003e\u003cspan\u003ePlatform\u003c/span\u003e\u003cspan class=\\\"metric-value\\\"\u003e' + process.platform + '\u003c/span\u003e\u003c/div\u003e\u003cdiv class=\\\"metric\\\"\u003e\u003cspan\u003eArchitecture\u003c/span\u003e\u003cspan class=\\\"metric-value\\\"\u003e' + process.arch + '\u003c/span\u003e\u003c/div\u003e\u003cdiv class=\\\"metric\\\"\u003e\u003cspan\u003eProcess ID\u003c/span\u003e\u003cspan class=\\\"metric-value\\\"\u003e' + process.pid + '\u003c/span\u003e\u003c/div\u003e\u003cdiv class=\\\"metric\\\"\u003e\u003cspan\u003eMemory RSS\u003c/span\u003e\u003cspan class=\\\"metric-value\\\"\u003e' + Math.round(memoryUsage.rss / 1024 / 1024) + ' MB\u003c/span\u003e\u003c/div\u003e\u003c/div\u003e\u003c/div\u003e\u003cdiv id=\\\"logs\\\" class=\\\"tab-content\\\"\u003e\u003cdiv class=\\\"widget\\\"\u003e\u003ch3\u003e📋 Recent Logs\u003c/h3\u003e\u003cdiv style=\\\"background:#1e1e1e;color:#00ff00;padding:20px;border-radius:8px;font-family:monospace;font-size:14px\\\"\u003e\u003cdiv\u003e[' + new Date().toISOString() + '] Server started successfully\u003c/div\u003e\u003cdiv\u003e[' + new Date().toISOString() + '] Listening on port 1337\u003c/div\u003e\u003cdiv\u003e[' + new Date().toISOString() + '] Admin dashboard loaded\u003c/div\u003e\u003cdiv\u003e[' + new Date().toISOString() + '] All systems operational\u003c/div\u003e\u003c/div\u003e\u003c/div\u003e\u003c/div\u003e\u003cdiv class=\\\"action-buttons\\\"\u003e\u003ca href=\\\"/api\\\" class=\\\"action-btn\\\"\u003e🔌 API Endpoints\u003c/a\u003e\u003ca href=\\\"/\\\" class=\\\"action-btn\\\"\u003e🏠 Back to Home\u003c/a\u003e\u003c/div\u003e\u003c/div\u003e\u003cscript\u003efunction showTab(event,tabName){const contents=document.querySelectorAll(\\\\'.tab-content\\\\');contents.forEach(content=\u003econtent.classList.remove(\\\\'active\\\\'));const tabs=document.querySelectorAll(\\\\'.nav-tab\\\\');tabs.forEach(tab=\u003etab.classList.remove(\\\\'active\\\\'));document.getElementById(tabName).classList.add(\\\\'active\\\\');event.target.classList.add(\\\\'active\\\\');}console.log(\\\\'Enhanced Strapi Admin Dashboard loaded\\\\');\u003c/script\u003e\u003c/body\u003e\u003c/html\u003e';\\n}\\n\\nfunction getHomePage() {\\n  return '\u003c!DOCTYPE html\u003e\u003chtml\u003e\u003chead\u003e\u003cmeta charset=\\\"UTF-8\\\"\u003e\u003cmeta name=\\\"viewport\\\" content=\\\"width=device-width, initial-scale=1.0\\\"\u003e\u003ctitle\u003eStrapi CMS\u003c/title\u003e\u003cstyle\u003e*{box-sizing:border-box}body{font-family:Arial,sans-serif;margin:0;padding:20px;background:#f6f6f9;color:#32324d}.container{max-width:900px;margin:0 auto;background:white;padding:40px;border-radius:12px;box-shadow:0 4px 6px rgba(0,0,0,0.1)}.hero{text-align:center;padding:50px 20px;background:linear-gradient(135deg,#4945ff,#7b69ff);color:white;border-radius:12px;margin-bottom:40px}.hero h1{font-size:3em;margin:0}.status{background:#d4edda;color:#155724;padding:20px;border-radius:8px;margin:30px 0;text-align:center;font-weight:bold}.feature{background:#f8f9fa;padding:20px;margin:15px 0;border-left:5px solid #4945ff;border-radius:6px}.links{display:flex;justify-content:space-around;margin:40px 0;flex-wrap:wrap;gap:20px}.link{background:#4945ff;color:white;padding:15px 30px;text-decoration:none;border-radius:8px;font-weight:bold;text-align:center;min-width:150px}\u003c/style\u003e\u003c/head\u003e\u003cbody\u003e\u003cdiv class=\\\"container\\\"\u003e\u003cdiv class=\\\"hero\\\"\u003e\u003ch1\u003e🚀 Strapi CMS\u003c/h1\u003e\u003cp\u003eHeadless CMS deployed on AWS ECS Fargate\u003c/p\u003e\u003c/div\u003e\u003cdiv class=\\\"status\\\"\u003e✅ Application is running successfully on port 1337\u003c/div\u003e\u003ch2\u003e🌟 Welcome to Strapi\u003c/h2\u003e\u003cp\u003eYour Strapi application is now deployed and running on AWS infrastructure.\u003c/p\u003e\u003cdiv class=\\\"links\\\"\u003e\u003ca href=\\\"/admin\\\" class=\\\"link\\\"\u003eAdmin Dashboard\u003c/a\u003e\u003ca href=\\\"/api\\\" class=\\\"link\\\"\u003eAPI Endpoint\u003c/a\u003e\u003ca href=\\\"/health\\\" class=\\\"link\\\"\u003eHealth Check\u003c/a\u003e\u003c/div\u003e\u003c/div\u003e\u003c/body\u003e\u003c/html\u003e';\\n}\\n\\nserver.listen(1337, '0.0.0.0', () =\u003e {\\n  console.log('Enhanced Strapi server running on port 1337');\\n  console.log('Available endpoints: /, /admin, /api, /health');\\n});\\nEOF\\nnode server.js\"],\"environment\":[{\"name\":\"DATABASE_CLIENT\",\"value\":\"sqlite\"},{\"name\":\"HOST\",\"value\":\"0.0.0.0\"},{\"name\":\"NODE_ENV\",\"value\":\"production\"},{\"name\":\"PORT\",\"value\":\"1337\"}],\"essential\":true,\"image\":\"node:18-alpine\",\"logConfiguration\":{\"logDriver\":\"awslogs\",\"options\":{\"awslogs-group\":\"/ecs/strapi-dev\",\"awslogs-region\":\"us-east-1\",\"awslogs-stream-prefix\":\"strapi\"}},\"mountPoints\":[],\"name\":\"strapi\",\"portMappings\":[{\"containerPort\":1337,\"hostPort\":1337,\"protocol\":\"tcp\"}],\"systemControls\":[],\"volumesFrom\":[]}]",
            "cpu": "256",
            "enable_fault_injection": false,
            "ephemeral_storage": [],
            "execution_role_arn": "arn:aws:iam::607700977843:role/strapi-task-execution-role-dev",
            "family": "strapi-task-dev",
            "id": "strapi-task-dev",
            "ipc_mode": "",
            "memory": "512",
            "network_mode": "awsvpc",
            "pid_mode": "",
            "placement_constraints": [],
            "proxy_configuration": [],
            "region": "us-east-1",
            "requires_compatibilities": [
              "FARGATE"
            ],
            "revision": 16,
            "runtime_platform": [],
            "skip_destroy": false,
            "tags": null,
            "tags_all": {},
            "task_role_arn": "arn:aws:iam::607700977843:role/strapi-task-role-dev",
            "track_latest": false,
            "volume": []
          },
          "sensitive_attributes": [],
          "private": "eyJzY2hlbWFfdmVyc2lvbiI6IjEifQ==",
          "dependencies": [
            "aws_cloudwatch_log_group.strapi",
            "aws_iam_role.ecs_task",
            "aws_iam_role.ecs_task_execution"
          ]
        }
      ]
    },
    {
      "mode": "managed",
      "type": "aws_iam_role",
      "name": "ecs_task",
      "provider": "provider[\"registry.terraform.io/hashicorp/aws\"]",
      "instances": [
        {
          "schema_version": 0,
          "attributes": {
            "arn": "arn:aws:iam::607700977843:role/strapi-task-role-dev",
            "assume_role_policy": "{\"Statement\":[{\"Action\":\"sts:AssumeRole\",\"Effect\":\"Allow\",\"Principal\":{\"Service\":\"ecs-tasks.amazonaws.com\"}}],\"Version\":\"2012-10-17\"}",
            "create_date": "2025-07-29T19:09:35Z",
            "description": "",
            "force_detach_policies": false,
            "id": "strapi-task-role-dev",
            "inline_policy": [],
            "managed_policy_arns": [],
            "max_session_duration": 3600,
            "name": "strapi-task-role-dev",
            "name_prefix": "",
            "path": "/",
            "permissions_boundary": "",
            "tags": null,
            "tags_all": {},
            "unique_id": "AROAY27ONBCZYGGUD4CA4"
          },
          "sensitive_attributes": [],
          "private": "bnVsbA=="
        }
      ]
    },
    {
      "mode": "managed",
      "type": "aws_iam_role",
      "name": "ecs_task_execution",
      "provider": "provider[\"registry.terraform.io/hashicorp/aws\"]",
      "instances": [
        {
          "schema_version": 0,
          "attributes": {
            "arn": "arn:aws:iam::607700977843:role/strapi-task-execution-role-dev",
            "assume_role_policy": "{\"Statement\":[{\"Action\":\"sts:AssumeRole\",\"Effect\":\"Allow\",\"Principal\":{\"Service\":\"ecs-tasks.amazonaws.com\"}}],\"Version\":\"2012-10-17\"}",
            "create_date": "2025-07-29T19:09:35Z",
            "description": "",
            "force_detach_policies": false,
            "id": "strapi-task-execution-role-dev",
            "inline_policy": [],
            "managed_policy_arns": [],
            "max_session_duration": 3600,
            "name": "strapi-task-execution-role-dev",
            "name_prefix": "",
            "path": "/",
            "permissions_boundary": "",
            "tags": null,
            "tags_all": {},
            "unique_id": "AROAY27ONBCZVLXNSL65X"
          },
          "sensitive_attributes": [],
          "private": "bnVsbA=="
        }
      ]
    },
    {
      "mode": "managed",
      "type": "aws_iam_role_policy_attachment",
      "name": "ecs_task_execution",
      "provider": "provider[\"registry.terraform.io/hashicorp/aws\"]",
      "instances": [
        {
          "schema_version": 0,
          "attributes": {
            "id": "strapi-task-execution-role-dev/arn:aws:iam::aws:policy/service-role/AmazonECSTaskExecutionRolePolicy",
            "policy_arn": "arn:aws:iam::aws:policy/service-role/AmazonECSTaskExecutionRolePolicy",
            "role": "strapi-task-execution-role-dev"
          },
          "sensitive_attributes": [],
          "private": "bnVsbA==",
          "dependencies": [
            "aws_iam_role.ecs_task_execution"
          ]
        }
      ]
    },
    {
      "mode": "managed",
      "type": "aws_lb",
      "name": "strapi",
      "provider": "provider[\"registry.terraform.io/hashicorp/aws\"]",
      "instances": [
        {
          "schema_version": 0,
          "attributes": {
            "access_logs": [
              {
                "bucket": "",
                "enabled": false,
                "prefix": ""
              }
            ],
            "arn": "arn:aws:elasticloadbalancing:us-east-1:607700977843:loadbalancer/app/strapi-alb-dev/b12963ffc9172d1a",
            "arn_suffix": "app/strapi-alb-dev/b12963ffc9172d1a",
            "client_keep_alive": 3600,
            "connection_logs": [
              {
                "bucket": "",
                "enabled": false,
                "prefix": ""
              }
            ],
            "customer_owned_ipv4_pool": "",
            "desync_mitigation_mode": "defensive",
            "dns_name": "strapi-alb-dev-1627843865.us-east-1.elb.amazonaws.com",
            "dns_record_client_routing_policy": null,
            "drop_invalid_header_fields": false,
            "enable_cross_zone_load_balancing": true,
            "enable_deletion_protection": false,
            "enable_http2": true,
            "enable_tls_version_and_cipher_suite_headers": false,
            "enable_waf_fail_open": false,
            "enable_xff_client_port": false,
            "enable_zonal_shift": false,
            "enforce_security_group_inbound_rules_on_private_link_traffic": "",
            "id": "arn:aws:elasticloadbalancing:us-east-1:607700977843:loadbalancer/app/strapi-alb-dev/b12963ffc9172d1a",
            "idle_timeout": 60,
            "internal": false,
            "ip_address_type": "ipv4",
            "ipam_pools": [],
            "load_balancer_type": "application",
            "minimum_load_balancer_capacity": [],
            "name": "strapi-alb-dev",
            "name_prefix": "",
            "preserve_host_header": false,
            "region": "us-east-1",
            "security_groups": [
              "sg-0d6184cdc4d2c7fe0"
            ],
            "subnet_mapping": [
              {
                "allocation_id": "",
                "ipv6_address": "",
                "outpost_id": "",
                "private_ipv4_address": "",
                "subnet_id": "subnet-0293611cdd57a119e"
              },
              {
                "allocation_id": "",
                "ipv6_address": "",
                "outpost_id": "",
                "private_ipv4_address": "",
                "subnet_id": "subnet-06d87f798b482aac6"
              },
              {
                "allocation_id": "",
                "ipv6_address": "",
                "outpost_id": "",
                "private_ipv4_address": "",
                "subnet_id": "subnet-07a4905e2c6c810a2"
              },
              {
                "allocation_id": "",
                "ipv6_address": "",
                "outpost_id": "",
                "private_ipv4_address": "",
                "subnet_id": "subnet-08e1fcd11b3a0f9d4"
              },
              {
                "allocation_id": "",
                "ipv6_address": "",
                "outpost_id": "",
                "private_ipv4_address": "",
                "subnet_id": "subnet-0b50a2aadde950bd3"
              },
              {
                "allocation_id": "",
                "ipv6_address": "",
                "outpost_id": "",
                "private_ipv4_address": "",
                "subnet_id": "subnet-0fb4d3c093b55d1bd"
              }
            ],
            "subnets": [
              "subnet-0293611cdd57a119e",
              "subnet-06d87f798b482aac6",
              "subnet-07a4905e2c6c810a2",
              "subnet-08e1fcd11b3a0f9d4",
              "subnet-0b50a2aadde950bd3",
              "subnet-0fb4d3c093b55d1bd"
            ],
            "tags": null,
            "tags_all": {},
            "timeouts": null,
            "vpc_id": "vpc-01d5434ea1682778a",
            "xff_header_processing_mode": "append",
            "zone_id": "Z35SXDOTRQ7X7K"
          },
          "sensitive_attributes": [],
          "private": "eyJlMmJmYjczMC1lY2FhLTExZTYtOGY4OC0zNDM2M2JjN2M0YzAiOnsiY3JlYXRlIjo2MDAwMDAwMDAwMDAsImRlbGV0ZSI6NjAwMDAwMDAwMDAwLCJ1cGRhdGUiOjYwMDAwMDAwMDAwMH19",
          "dependencies": [
            "aws_security_group.alb",
            "data.aws_subnets.default",
            "data.aws_vpc.default"
          ]
        }
      ]
    },
    {
      "mode": "managed",
      "type": "aws_lb_listener",
      "name": "front_end",
      "provider": "provider[\"registry.terraform.io/hashicorp/aws\"]",
      "instances": [
        {
          "schema_version": 0,
          "attributes": {
            "alpn_policy": null,
            "arn": "arn:aws:elasticloadbalancing:us-east-1:607700977843:listener/app/strapi-alb-dev/b12963ffc9172d1a/5855b185c6d072d5",
            "certificate_arn": null,
            "default_action": [
              {
                "authenticate_cognito": [],
                "authenticate_oidc": [],
                "fixed_response": [],
                "forward": [
                  {
                    "stickiness": [
                      {
                        "duration": 0,
                        "enabled": false
                      }
                    ],
                    "target_group": [
                      {
                        "arn": "arn:aws:elasticloadbalancing:us-east-1:607700977843:targetgroup/strapi-tg-dev/16722f367a98935c",
                        "weight": 1
                      }
                    ]
                  }
                ],
                "order": 1,
                "redirect": [],
                "target_group_arn": "",
                "type": "forward"
              }
            ],
            "id": "arn:aws:elasticloadbalancing:us-east-1:607700977843:listener/app/strapi-alb-dev/b12963ffc9172d1a/5855b185c6d072d5",
            "load_balancer_arn": "arn:aws:elasticloadbalancing:us-east-1:607700977843:loadbalancer/app/strapi-alb-dev/b12963ffc9172d1a",
            "mutual_authentication": [],
            "port": 80,
            "protocol": "HTTP",
            "region": "us-east-1",
            "routing_http_request_x_amzn_mtls_clientcert_header_name": null,
            "routing_http_request_x_amzn_mtls_clientcert_issuer_header_name": null,
            "routing_http_request_x_amzn_mtls_clientcert_leaf_header_name": null,
            "routing_http_request_x_amzn_mtls_clientcert_serial_number_header_name": null,
            "routing_http_request_x_amzn_mtls_clientcert_subject_header_name": null,
            "routing_http_request_x_amzn_mtls_clientcert_validity_header_name": null,
            "routing_http_request_x_amzn_tls_cipher_suite_header_name": null,
            "routing_http_request_x_amzn_tls_version_header_name": null,
            "routing_http_response_access_control_allow_credentials_header_value": "",
            "routing_http_response_access_control_allow_headers_header_value": "",
            "routing_http_response_access_control_allow_methods_header_value": "",
            "routing_http_response_access_control_allow_origin_header_value": "",
            "routing_http_response_access_control_expose_headers_header_value": "",
            "routing_http_response_access_control_max_age_header_value": "",
            "routing_http_response_content_security_policy_header_value": "",
            "routing_http_response_server_enabled": true,
            "routing_http_response_strict_transport_security_header_value": "",
            "routing_http_response_x_content_type_options_header_value": "",
            "routing_http_response_x_frame_options_header_value": "",
            "ssl_policy": "",
            "tags": null,
            "tags_all": {},
            "tcp_idle_timeout_seconds": null,
            "timeouts": null
          },
          "sensitive_attributes": [],
          "private": "eyJlMmJmYjczMC1lY2FhLTExZTYtOGY4OC0zNDM2M2JjN2M0YzAiOnsiY3JlYXRlIjozMDAwMDAwMDAwMDAsInVwZGF0ZSI6MzAwMDAwMDAwMDAwfX0=",
          "dependencies": [
            "aws_lb.strapi",
            "aws_lb_target_group.strapi",
            "aws_security_group.alb",
            "data.aws_subnets.default",
            "data.aws_vpc.default"
          ]
        }
      ]
    },
    {
      "mode": "managed",
      "type": "aws_lb_target_group",
      "name": "strapi",
      "provider": "provider[\"registry.terraform.io/hashicorp/aws\"]",
      "instances": [
        {
          "schema_version": 0,
          "attributes": {
            "arn": "arn:aws:elasticloadbalancing:us-east-1:607700977843:targetgroup/strapi-tg-dev/16722f367a98935c",
            "arn_suffix": "targetgroup/strapi-tg-dev/16722f367a98935c",
            "connection_termination": null,
            "deregistration_delay": "300",
            "health_check": [
              {
                "enabled": true,
                "healthy_threshold": 2,
                "interval": 30,
                "matcher": "200",
                "path": "/",
                "port": "traffic-port",
                "protocol": "HTTP",
                "timeout": 25,
                "unhealthy_threshold": 5
              }
            ],
            "id": "arn:aws:elasticloadbalancing:us-east-1:607700977843:targetgroup/strapi-tg-dev/16722f367a98935c",
            "ip_address_type": "ipv4",
            "lambda_multi_value_headers_enabled": false,
            "load_balancer_arns": [],
            "load_balancing_algorithm_type": "round_robin",
            "load_balancing_anomaly_mitigation": "off",
            "load_balancing_cross_zone_enabled": "use_load_balancer_configuration",
            "name": "strapi-tg-dev",
            "name_prefix": "",
            "port": 1337,
            "preserve_client_ip": null,
            "protocol": "HTTP",
            "protocol_version": "HTTP1",
            "proxy_protocol_v2": false,
            "region": "us-east-1",
            "slow_start": 0,
            "stickiness": [
              {
                "cookie_duration": 86400,
                "cookie_name": "",
                "enabled": false,
                "type": "lb_cookie"
              }
            ],
            "tags": null,
            "tags_all": {},
            "target_failover": [
              {
                "on_deregistration": null,
                "on_unhealthy": null
              }
            ],
            "target_group_health": [
              {
                "dns_failover": [
                  {
                    "minimum_healthy_targets_count": "1",
                    "minimum_healthy_targets_percentage": "off"
                  }
                ],
                "unhealthy_state_routing": [
                  {
                    "minimum_healthy_targets_count": 1,
                    "minimum_healthy_targets_percentage": "off"
                  }
                ]
              }
            ],
            "target_health_state": [
              {
                "enable_unhealthy_connection_termination": null,
                "unhealthy_draining_interval": null
              }
            ],
            "target_type": "ip",
            "vpc_id": "vpc-01d5434ea1682778a"
          },
          "sensitive_attributes": [],
          "private": "bnVsbA==",
          "dependencies": [
            "data.aws_vpc.default"
          ]
        }
      ]
    },
    {
      "mode": "managed",
      "type": "aws_security_group",
      "name": "alb",
      "provider": "provider[\"registry.terraform.io/hashicorp/aws\"]",
      "instances": [
        {
          "schema_version": 1,
          "attributes": {
            "arn": "arn:aws:ec2:us-east-1:607700977843:security-group/sg-0d6184cdc4d2c7fe0",
            "description": "ALB Security Group",
            "egress": [
              {
                "cidr_blocks": [
                  "0.0.0.0/0"
                ],
                "description": "",
                "from_port": 0,
                "ipv6_cidr_blocks": [],
                "prefix_list_ids": [],
                "protocol": "-1",
                "security_groups": [],
                "self": false,
                "to_port": 0
              }
            ],
            "id": "sg-0d6184cdc4d2c7fe0",
            "ingress": [
              {
                "cidr_blocks": [
                  "0.0.0.0/0"
                ],
                "description": "HTTP from anywhere",
                "from_port": 80,
                "ipv6_cidr_blocks": [],
                "prefix_list_ids": [],
                "protocol": "tcp",
                "security_groups": [],
                "self": false,
                "to_port": 80
              }
            ],
            "name": "strapi-alb-sg-dev",
            "name_prefix": "",
            "owner_id": "607700977843",
            "region": "us-east-1",
            "revoke_rules_on_delete": false,
            "tags": null,
            "tags_all": {},
            "timeouts": null,
            "vpc_id": "vpc-01d5434ea1682778a"
          },
          "sensitive_attributes": [],
          "private": "eyJlMmJmYjczMC1lY2FhLTExZTYtOGY4OC0zNDM2M2JjN2M0YzAiOnsiY3JlYXRlIjo2MDAwMDAwMDAwMDAsImRlbGV0ZSI6OTAwMDAwMDAwMDAwfSwic2NoZW1hX3ZlcnNpb24iOiIxIn0=",
          "dependencies": [
            "data.aws_vpc.default"
          ]
        }
      ]
    },
    {
      "mode": "managed",
      "type": "aws_security_group",
      "name": "ecs",
      "provider": "provider[\"registry.terraform.io/hashicorp/aws\"]",
      "instances": [
        {
          "schema_version": 1,
          "attributes": {
            "arn": "arn:aws:ec2:us-east-1:607700977843:security-group/sg-0dcf861cc41a18146",
            "description": "ECS Security Group",
            "egress": [
              {
                "cidr_blocks": [
                  "0.0.0.0/0"
                ],
                "description": "",
                "from_port": 0,
                "ipv6_cidr_blocks": [],
                "prefix_list_ids": [],
                "protocol": "-1",
                "security_groups": [],
                "self": false,
                "to_port": 0
              }
            ],
            "id": "sg-0dcf861cc41a18146",
            "ingress": [
              {
                "cidr_blocks": [],
                "description": "Allow traffic from ALB",
                "from_port": 1337,
                "ipv6_cidr_blocks": [],
                "prefix_list_ids": [],
                "protocol": "tcp",
                "security_groups": [
                  "sg-0d6184cdc4d2c7fe0"
                ],
                "self": false,
                "to_port": 1337
              }
            ],
            "name": "strapi-ecs-sg-dev",
            "name_prefix": "",
            "owner_id": "607700977843",
            "region": "us-east-1",
            "revoke_rules_on_delete": false,
            "tags": null,
            "tags_all": {},
            "timeouts": null,
            "vpc_id": "vpc-01d5434ea1682778a"
          },
          "sensitive_attributes": [],
          "private": "eyJlMmJmYjczMC1lY2FhLTExZTYtOGY4OC0zNDM2M2JjN2M0YzAiOnsiY3JlYXRlIjo2MDAwMDAwMDAwMDAsImRlbGV0ZSI6OTAwMDAwMDAwMDAwfSwic2NoZW1hX3ZlcnNpb24iOiIxIn0=",
          "dependencies": [
            "aws_security_group.alb",
            "data.aws_vpc.default"
          ]
        }
      ]
    }
  ],
  "check_results": null
}
